
Microsoft Visual Studio Solution File, Format Version 12.00
# Visual Studio Version 17
VisualStudioVersion = 17.7.34031.279
MinimumVisualStudioVersion = 10.0.40219.1
Project("{FAE04EC0-301F-11D3-BF4B-00C04F79EFBC}") = "Blood Donor Information Management System", "Blood Donor Information Management System\Blood Donor Information Management System.csproj", "{40C8D460-5059-4A38-9A93-8BA07096B770}"
EndProject
Global
	GlobalSection(SolutionConfigurationPlatforms) = preSolution
		Debug|Any CPU = Debug|Any CPU
		Release|Any CPU = Release|Any CPU
	EndGlobalSection
	GlobalSection(ProjectConfigurationPlatforms) = postSolution
		{40C8D460-5059-4A38-9A93-8BA07096B770}.Debug|Any CPU.ActiveCfg = Debug|Any CPU
		{40C8D460-5059-4A38-9A93-8BA07096B770}.Debug|Any CPU.Build.0 = Debug|Any CPU
		{40C8D460-5059-4A38-9A93-8BA07096B770}.Release|Any CPU.ActiveCfg = Release|Any CPU
		{40C8D460-5059-4A38-9A93-8BA07096B770}.Release|Any CPU.Build.0 = Release|Any CPU
	EndGlobalSection
	GlobalSection(SolutionProperties) = preSolution
		HideSolutionNode = FALSE
	EndGlobalSection
	GlobalSection(ExtensibilityGlobals) = postSolution
		SolutionGuid = {1442547E-9BE6-4561-8242-42D283D723D5}
	EndGlobalSection
EndGlobal
